
Microsoft Visual Studio Solution File, Format Version 12.00
# Visual Studio Version 17
VisualStudioVersion = 17.3.32929.385
MinimumVisualStudioVersion = 10.0.40219.1
Project("{FAE04EC0-301F-11D3-BF4B-00C04F79EFBC}") = "UTMNStudentsExamAnalysis", "UTMNStudentsExamAnalysis\UTMNStudentsExamAnalysis.csproj", "{46B34799-7C2F-4796-A883-840A8B4A94F8}"
EndProject
Global
	GlobalSection(SolutionConfigurationPlatforms) = preSolution
		Debug|Any CPU = Debug|Any CPU
		Release|Any CPU = Release|Any CPU
	EndGlobalSection
	GlobalSection(ProjectConfigurationPlatforms) = postSolution
		{46B34799-7C2F-4796-A883-840A8B4A94F8}.Debug|Any CPU.ActiveCfg = Debug|Any CPU
		{46B34799-7C2F-4796-A883-840A8B4A94F8}.Debug|Any CPU.Build.0 = Debug|Any CPU
		{46B34799-7C2F-4796-A883-840A8B4A94F8}.Release|Any CPU.ActiveCfg = Release|Any CPU
		{46B34799-7C2F-4796-A883-840A8B4A94F8}.Release|Any CPU.Build.0 = Release|Any CPU
	EndGlobalSection
	GlobalSection(SolutionProperties) = preSolution
		HideSolutionNode = FALSE
	EndGlobalSection
	GlobalSection(ExtensibilityGlobals) = postSolution
		SolutionGuid = {EC6D8513-EA80-472E-A05B-31579B20C9DE}
	EndGlobalSection
EndGlobal
